
Microsoft Visual Studio Solution File, Format Version 12.00
# Visual Studio Version 17
VisualStudioVersion = 17.5.33424.131
MinimumVisualStudioVersion = 10.0.40219.1
Project("{9A19103F-16F7-4668-BE54-9A1E7A4F7556}") = "PasswordKeeper", "PasswordKeeper\PasswordKeeper.csproj", "{049B4286-05F0-42D6-945F-744148CEC572}"
EndProject
Project("{9A19103F-16F7-4668-BE54-9A1E7A4F7556}") = "PasswordKeeper.App", "PasswordKeeper.App\PasswordKeeper.App.csproj", "{8227E6AC-BBA3-4627-A3A3-5B9E88015229}"
EndProject
Project("{9A19103F-16F7-4668-BE54-9A1E7A4F7556}") = "PasswordKeeper.Domain", "PasswordKeeper.Domain\PasswordKeeper.Domain.csproj", "{1B8AEEDC-3E63-4923-A110-E21E497328DA}"
EndProject
Project("{FAE04EC0-301F-11D3-BF4B-00C04F79EFBC}") = "PasswordKeeper.Test", "PasswordKeeper.Test\PasswordKeeper.Test.csproj", "{CD751E33-5C10-46C8-887F-CDD7DA993729}"
EndProject
Global
	GlobalSection(SolutionConfigurationPlatforms) = preSolution
		Debug|Any CPU = Debug|Any CPU
		Release|Any CPU = Release|Any CPU
	EndGlobalSection
	GlobalSection(ProjectConfigurationPlatforms) = postSolution
		{049B4286-05F0-42D6-945F-744148CEC572}.Debug|Any CPU.ActiveCfg = Debug|Any CPU
		{049B4286-05F0-42D6-945F-744148CEC572}.Debug|Any CPU.Build.0 = Debug|Any CPU
		{049B4286-05F0-42D6-945F-744148CEC572}.Release|Any CPU.ActiveCfg = Release|Any CPU
		{049B4286-05F0-42D6-945F-744148CEC572}.Release|Any CPU.Build.0 = Release|Any CPU
		{8227E6AC-BBA3-4627-A3A3-5B9E88015229}.Debug|Any CPU.ActiveCfg = Debug|Any CPU
		{8227E6AC-BBA3-4627-A3A3-5B9E88015229}.Debug|Any CPU.Build.0 = Debug|Any CPU
		{8227E6AC-BBA3-4627-A3A3-5B9E88015229}.Release|Any CPU.ActiveCfg = Release|Any CPU
		{8227E6AC-BBA3-4627-A3A3-5B9E88015229}.Release|Any CPU.Build.0 = Release|Any CPU
		{1B8AEEDC-3E63-4923-A110-E21E497328DA}.Debug|Any CPU.ActiveCfg = Debug|Any CPU
		{1B8AEEDC-3E63-4923-A110-E21E497328DA}.Debug|Any CPU.Build.0 = Debug|Any CPU
		{1B8AEEDC-3E63-4923-A110-E21E497328DA}.Release|Any CPU.ActiveCfg = Release|Any CPU
		{1B8AEEDC-3E63-4923-A110-E21E497328DA}.Release|Any CPU.Build.0 = Release|Any CPU
		{CD751E33-5C10-46C8-887F-CDD7DA993729}.Debug|Any CPU.ActiveCfg = Debug|Any CPU
		{CD751E33-5C10-46C8-887F-CDD7DA993729}.Debug|Any CPU.Build.0 = Debug|Any CPU
		{CD751E33-5C10-46C8-887F-CDD7DA993729}.Release|Any CPU.ActiveCfg = Release|Any CPU
		{CD751E33-5C10-46C8-887F-CDD7DA993729}.Release|Any CPU.Build.0 = Release|Any CPU
	EndGlobalSection
	GlobalSection(SolutionProperties) = preSolution
		HideSolutionNode = FALSE
	EndGlobalSection
	GlobalSection(ExtensibilityGlobals) = postSolution
		SolutionGuid = {3CF0AC37-FFE9-4323-8D4D-6256D0658304}
	EndGlobalSection
EndGlobal
